
Microsoft Visual Studio Solution File, Format Version 12.00
# Visual Studio Version 17
VisualStudioVersion = 17.11.35312.102
MinimumVisualStudioVersion = 10.0.40219.1
Project("{FAE04EC0-301F-11D3-BF4B-00C04F79EFBC}") = "PwM_UI", "PasswordManagerProjekt\PwM_UI.csproj", "{75C1F857-771B-4E56-9C63-F8DBC68611CF}"
EndProject
Project("{FAE04EC0-301F-11D3-BF4B-00C04F79EFBC}") = "PwM_Library", "PwMLibrary\PwM_Library.csproj", "{3BBCB431-AA5F-45A2-9D3A-7654CC0FE1E2}"
EndProject
Project("{FAE04EC0-301F-11D3-BF4B-00C04F79EFBC}") = "PwM_Api", "PwMApi\PwM_Api.csproj", "{B99AFA53-C8AA-4B51-A85D-50918F1CC727}"
EndProject
Global
	GlobalSection(SolutionConfigurationPlatforms) = preSolution
		Debug|Any CPU = Debug|Any CPU
		Release|Any CPU = Release|Any CPU
	EndGlobalSection
	GlobalSection(ProjectConfigurationPlatforms) = postSolution
		{75C1F857-771B-4E56-9C63-F8DBC68611CF}.Debug|Any CPU.ActiveCfg = Debug|Any CPU
		{75C1F857-771B-4E56-9C63-F8DBC68611CF}.Debug|Any CPU.Build.0 = Debug|Any CPU
		{75C1F857-771B-4E56-9C63-F8DBC68611CF}.Release|Any CPU.ActiveCfg = Release|Any CPU
		{75C1F857-771B-4E56-9C63-F8DBC68611CF}.Release|Any CPU.Build.0 = Release|Any CPU
		{3BBCB431-AA5F-45A2-9D3A-7654CC0FE1E2}.Debug|Any CPU.ActiveCfg = Debug|Any CPU
		{3BBCB431-AA5F-45A2-9D3A-7654CC0FE1E2}.Debug|Any CPU.Build.0 = Debug|Any CPU
		{3BBCB431-AA5F-45A2-9D3A-7654CC0FE1E2}.Release|Any CPU.ActiveCfg = Release|Any CPU
		{3BBCB431-AA5F-45A2-9D3A-7654CC0FE1E2}.Release|Any CPU.Build.0 = Release|Any CPU
		{B99AFA53-C8AA-4B51-A85D-50918F1CC727}.Debug|Any CPU.ActiveCfg = Debug|Any CPU
		{B99AFA53-C8AA-4B51-A85D-50918F1CC727}.Debug|Any CPU.Build.0 = Debug|Any CPU
		{B99AFA53-C8AA-4B51-A85D-50918F1CC727}.Release|Any CPU.ActiveCfg = Release|Any CPU
		{B99AFA53-C8AA-4B51-A85D-50918F1CC727}.Release|Any CPU.Build.0 = Release|Any CPU
	EndGlobalSection
	GlobalSection(SolutionProperties) = preSolution
		HideSolutionNode = FALSE
	EndGlobalSection
	GlobalSection(ExtensibilityGlobals) = postSolution
		SolutionGuid = {814A4BA8-8924-4BFD-94E1-19F3E1357F67}
	EndGlobalSection
EndGlobal
